{
  "originHash" : "e1ef9173a5f057130ca687e3432c6322520fd42fd5ad925a274cd015a9f0218d",
  "pins" : [
    {
      "identity" : "peertalk",
      "kind" : "remoteSourceControl",
      "location" : "https://github.com/treastrain/peertalk.git",
      "state" : {
        "branch" : "swift-package-manager",
        "revision" : "adb78527d8a4c8cfff83181bf5d8d9b3a8669715"
      }
    }
  ],
  "version" : 3
}
